
Microsoft Visual Studio Solution File, Format Version 12.00
# Visual Studio Version 17
VisualStudioVersion = 17.2.32630.192
MinimumVisualStudioVersion = 10.0.40219.1
Project("{2150E333-8FDC-42A3-9474-1A3956D46DE8}") = "Modul001_Code Konventionen", "Modul001_Code Konventionen", "{84DC4E78-DA55-41D7-B753-965A391F0D55}"
EndProject
Project("{9A19103F-16F7-4668-BE54-9A1E7A4F7556}") = "CodeConventionsSample.cs", "CodeConventionsSample.cs\CodeConventionsSample.cs.csproj", "{D466CAD1-021C-4867-BBA7-02DE8FFFC6FF}"
EndProject
Project("{2150E333-8FDC-42A3-9474-1A3956D46DE8}") = "Modul002_SOLID", "Modul002_SOLID", "{3C01CBCC-6790-4E93-A240-D7C65C0130C6}"
EndProject
Project("{2150E333-8FDC-42A3-9474-1A3956D46DE8}") = "Modul003_IOCContainer_DependencyInjections", "Modul003_IOCContainer_DependencyInjections", "{4090B947-3C8E-41A9-8F25-DE94D59B2B79}"
EndProject
Project("{9A19103F-16F7-4668-BE54-9A1E7A4F7556}") = "001_SRP_Example", "001_SRP_Example\001_SRP_Example.csproj", "{E0BDBDF1-B97B-4640-87D3-0F2D5F18A5EF}"
EndProject
Project("{9A19103F-16F7-4668-BE54-9A1E7A4F7556}") = "002_OCP_Example", "002_OCP_Example\002_OCP_Example.csproj", "{E7A7E02C-7692-4A2A-AB04-A867314EF925}"
EndProject
Project("{9A19103F-16F7-4668-BE54-9A1E7A4F7556}") = "003_LP_Example", "003_LP_Example\003_LP_Example.csproj", "{8FDB6540-C9CD-4057-88B3-573763AF9AC7}"
EndProject
Project("{9A19103F-16F7-4668-BE54-9A1E7A4F7556}") = "004_ISP_Example", "004_ISP_Example\004_ISP_Example.csproj", "{DEEC1013-7D1D-44B9-9D3E-F7537594130D}"
EndProject
Project("{9A19103F-16F7-4668-BE54-9A1E7A4F7556}") = "005_DI_Example", "005_DI_Example\005_DI_Example.csproj", "{3053C81A-EFFA-4CB9-8F6B-B28BDFE339F1}"
EndProject
Project("{2150E333-8FDC-42A3-9474-1A3956D46DE8}") = "Modul004_Frontend_DesignPattern", "Modul004_Frontend_DesignPattern", "{1761C098-41E9-4BBF-AF25-C3A1940AE5EE}"
	ProjectSection(SolutionItems) = preProject
		LinksFrontendDesignPatternsAndMore.txt = LinksFrontendDesignPatternsAndMore.txt
	EndProjectSection
EndProject
Project("{2150E333-8FDC-42A3-9474-1A3956D46DE8}") = "Solution Items", "Solution Items", "{19D0D819-904A-4132-A7A5-2A304BC1A063}"
	ProjectSection(SolutionItems) = preProject
		..\Agenda.md = ..\Agenda.md
	EndProjectSection
EndProject
Project("{9A19103F-16F7-4668-BE54-9A1E7A4F7556}") = "IOCContainerExample", "IOCContainerExample\IOCContainerExample.csproj", "{4F9E5068-02DE-476E-BC10-B6B5BC36AE19}"
EndProject
Project("{9A19103F-16F7-4668-BE54-9A1E7A4F7556}") = "DIScopeVsTransientVsSingletonSample", "DIScopeVsTransientVsSingletonSample\DIScopeVsTransientVsSingletonSample.csproj", "{6689B097-D2C9-400C-8A5D-6048A235E49D}"
EndProject
Project("{9A19103F-16F7-4668-BE54-9A1E7A4F7556}") = "IOCContainerWithAutofac", "IOCContainerWithAutofac\IOCContainerWithAutofac.csproj", "{FC75E1CD-29E1-47F1-9B2D-D394CCACAC51}"
EndProject
Project("{9A19103F-16F7-4668-BE54-9A1E7A4F7556}") = "WebAPIWithAutofac", "WebAPIWithAutofac\WebAPIWithAutofac.csproj", "{B4529C04-307C-40B8-9611-71222B0F3288}"
EndProject
Project("{9A19103F-16F7-4668-BE54-9A1E7A4F7556}") = "Modul14_MVVM", "MVVM\Modul14_MVVM.csproj", "{811E94A6-7AB9-47DC-90CA-E2CA17B146F5}"
EndProject
Project("{FAE04EC0-301F-11D3-BF4B-00C04F79EFBC}") = "WinFormsMVP", "winforms-mvp\WinFormsMVP\WinFormsMVP\WinFormsMVP.csproj", "{1B33C9F4-C37B-49C2-91D4-8A6919D466F8}"
EndProject
Project("{2150E333-8FDC-42A3-9474-1A3956D46DE8}") = "MVC", "MVC", "{53C91452-D175-47D2-88DE-C7B1B571E073}"
EndProject
Project("{9A19103F-16F7-4668-BE54-9A1E7A4F7556}") = "MVCApp", "MVCApp\MVCApp.csproj", "{90BE6B6D-79F6-43B0-A401-7686E5BBB402}"
EndProject
Project("{9A19103F-16F7-4668-BE54-9A1E7A4F7556}") = "MVCWithWebAPI", "MVCWithWebAPI\MVCWithWebAPI.csproj", "{75613D5D-2E23-4D8A-9F3F-7CA0DA6E6145}"
EndProject
Project("{2150E333-8FDC-42A3-9474-1A3956D46DE8}") = "Modul005_GangOfFour", "Modul005_GangOfFour", "{57DE6C5A-5B44-45D6-91AA-828F13894A6D}"
EndProject
Project("{FAE04EC0-301F-11D3-BF4B-00C04F79EFBC}") = "SingletonPatternExample", "SingletonPatternExample\SingletonPatternExample.csproj", "{7E220906-55BD-43AF-B94A-0DEBA704BD4F}"
EndProject
Project("{FAE04EC0-301F-11D3-BF4B-00C04F79EFBC}") = "GenericRepositoryPattern", "GenericRepositoryPattern\GenericRepositoryPattern.csproj", "{B3FCC5A1-0092-4906-A419-52177E0259BD}"
EndProject
Project("{FAE04EC0-301F-11D3-BF4B-00C04F79EFBC}") = "GenericRepositoryPattern.EfCore", "GenericRepositoryPattern.EfCore\GenericRepositoryPattern.EfCore.csproj", "{D5046C41-8164-431D-B7F2-AC58FB24FA2D}"
EndProject
Project("{FAE04EC0-301F-11D3-BF4B-00C04F79EFBC}") = "MyApplication.DataAccessLayer", "MyApplication.DataAccessLayer\MyApplication.DataAccessLayer.csproj", "{CF9F4AE4-4756-4D8F-9093-C5936EB4A8FF}"
EndProject
Project("{FAE04EC0-301F-11D3-BF4B-00C04F79EFBC}") = "GenericRepositoryPattern.EntityFramework48", "GenericRepositoryPattern.EntityFramework48\GenericRepositoryPattern.EntityFramework48.csproj", "{6175032B-C557-4798-A5E3-60EA0C93642A}"
EndProject
Project("{FAE04EC0-301F-11D3-BF4B-00C04F79EFBC}") = "GenericRepositoryPattern.NHibernate", "GenericRepositoryPattern.NHibernate\GenericRepositoryPattern.NHibernate.csproj", "{C928A6B3-19B7-455B-BC21-2EDE5AF171F8}"
EndProject
Project("{FAE04EC0-301F-11D3-BF4B-00C04F79EFBC}") = "MyApplication.App", "MyApplication.App\MyApplication.App.csproj", "{D348ABEF-8963-4886-A256-D9D3D836FC0F}"
EndProject
Project("{2150E333-8FDC-42A3-9474-1A3956D46DE8}") = "Repository Pattern", "Repository Pattern", "{554B0AA7-8F03-4417-A6B9-A8458F58C5A9}"
EndProject
Global
	GlobalSection(SolutionConfigurationPlatforms) = preSolution
		Debug|Any CPU = Debug|Any CPU
		Debug|x86 = Debug|x86
		Release|Any CPU = Release|Any CPU
		Release|x86 = Release|x86
	EndGlobalSection
	GlobalSection(ProjectConfigurationPlatforms) = postSolution
		{D466CAD1-021C-4867-BBA7-02DE8FFFC6FF}.Debug|Any CPU.ActiveCfg = Debug|Any CPU
		{D466CAD1-021C-4867-BBA7-02DE8FFFC6FF}.Debug|Any CPU.Build.0 = Debug|Any CPU
		{D466CAD1-021C-4867-BBA7-02DE8FFFC6FF}.Debug|x86.ActiveCfg = Debug|Any CPU
		{D466CAD1-021C-4867-BBA7-02DE8FFFC6FF}.Debug|x86.Build.0 = Debug|Any CPU
		{D466CAD1-021C-4867-BBA7-02DE8FFFC6FF}.Release|Any CPU.ActiveCfg = Release|Any CPU
		{D466CAD1-021C-4867-BBA7-02DE8FFFC6FF}.Release|Any CPU.Build.0 = Release|Any CPU
		{D466CAD1-021C-4867-BBA7-02DE8FFFC6FF}.Release|x86.ActiveCfg = Release|Any CPU
		{D466CAD1-021C-4867-BBA7-02DE8FFFC6FF}.Release|x86.Build.0 = Release|Any CPU
		{E0BDBDF1-B97B-4640-87D3-0F2D5F18A5EF}.Debug|Any CPU.ActiveCfg = Debug|Any CPU
		{E0BDBDF1-B97B-4640-87D3-0F2D5F18A5EF}.Debug|Any CPU.Build.0 = Debug|Any CPU
		{E0BDBDF1-B97B-4640-87D3-0F2D5F18A5EF}.Debug|x86.ActiveCfg = Debug|Any CPU
		{E0BDBDF1-B97B-4640-87D3-0F2D5F18A5EF}.Debug|x86.Build.0 = Debug|Any CPU
		{E0BDBDF1-B97B-4640-87D3-0F2D5F18A5EF}.Release|Any CPU.ActiveCfg = Release|Any CPU
		{E0BDBDF1-B97B-4640-87D3-0F2D5F18A5EF}.Release|Any CPU.Build.0 = Release|Any CPU
		{E0BDBDF1-B97B-4640-87D3-0F2D5F18A5EF}.Release|x86.ActiveCfg = Release|Any CPU
		{E0BDBDF1-B97B-4640-87D3-0F2D5F18A5EF}.Release|x86.Build.0 = Release|Any CPU
		{E7A7E02C-7692-4A2A-AB04-A867314EF925}.Debug|Any CPU.ActiveCfg = Debug|Any CPU
		{E7A7E02C-7692-4A2A-AB04-A867314EF925}.Debug|Any CPU.Build.0 = Debug|Any CPU
		{E7A7E02C-7692-4A2A-AB04-A867314EF925}.Debug|x86.ActiveCfg = Debug|Any CPU
		{E7A7E02C-7692-4A2A-AB04-A867314EF925}.Debug|x86.Build.0 = Debug|Any CPU
		{E7A7E02C-7692-4A2A-AB04-A867314EF925}.Release|Any CPU.ActiveCfg = Release|Any CPU
		{E7A7E02C-7692-4A2A-AB04-A867314EF925}.Release|Any CPU.Build.0 = Release|Any CPU
		{E7A7E02C-7692-4A2A-AB04-A867314EF925}.Release|x86.ActiveCfg = Release|Any CPU
		{E7A7E02C-7692-4A2A-AB04-A867314EF925}.Release|x86.Build.0 = Release|Any CPU
		{8FDB6540-C9CD-4057-88B3-573763AF9AC7}.Debug|Any CPU.ActiveCfg = Debug|Any CPU
		{8FDB6540-C9CD-4057-88B3-573763AF9AC7}.Debug|Any CPU.Build.0 = Debug|Any CPU
		{8FDB6540-C9CD-4057-88B3-573763AF9AC7}.Debug|x86.ActiveCfg = Debug|Any CPU
		{8FDB6540-C9CD-4057-88B3-573763AF9AC7}.Debug|x86.Build.0 = Debug|Any CPU
		{8FDB6540-C9CD-4057-88B3-573763AF9AC7}.Release|Any CPU.ActiveCfg = Release|Any CPU
		{8FDB6540-C9CD-4057-88B3-573763AF9AC7}.Release|Any CPU.Build.0 = Release|Any CPU
		{8FDB6540-C9CD-4057-88B3-573763AF9AC7}.Release|x86.ActiveCfg = Release|Any CPU
		{8FDB6540-C9CD-4057-88B3-573763AF9AC7}.Release|x86.Build.0 = Release|Any CPU
		{DEEC1013-7D1D-44B9-9D3E-F7537594130D}.Debug|Any CPU.ActiveCfg = Debug|Any CPU
		{DEEC1013-7D1D-44B9-9D3E-F7537594130D}.Debug|Any CPU.Build.0 = Debug|Any CPU
		{DEEC1013-7D1D-44B9-9D3E-F7537594130D}.Debug|x86.ActiveCfg = Debug|Any CPU
		{DEEC1013-7D1D-44B9-9D3E-F7537594130D}.Debug|x86.Build.0 = Debug|Any CPU
		{DEEC1013-7D1D-44B9-9D3E-F7537594130D}.Release|Any CPU.ActiveCfg = Release|Any CPU
		{DEEC1013-7D1D-44B9-9D3E-F7537594130D}.Release|Any CPU.Build.0 = Release|Any CPU
		{DEEC1013-7D1D-44B9-9D3E-F7537594130D}.Release|x86.ActiveCfg = Release|Any CPU
		{DEEC1013-7D1D-44B9-9D3E-F7537594130D}.Release|x86.Build.0 = Release|Any CPU
		{3053C81A-EFFA-4CB9-8F6B-B28BDFE339F1}.Debug|Any CPU.ActiveCfg = Debug|Any CPU
		{3053C81A-EFFA-4CB9-8F6B-B28BDFE339F1}.Debug|Any CPU.Build.0 = Debug|Any CPU
		{3053C81A-EFFA-4CB9-8F6B-B28BDFE339F1}.Debug|x86.ActiveCfg = Debug|Any CPU
		{3053C81A-EFFA-4CB9-8F6B-B28BDFE339F1}.Debug|x86.Build.0 = Debug|Any CPU
		{3053C81A-EFFA-4CB9-8F6B-B28BDFE339F1}.Release|Any CPU.ActiveCfg = Release|Any CPU
		{3053C81A-EFFA-4CB9-8F6B-B28BDFE339F1}.Release|Any CPU.Build.0 = Release|Any CPU
		{3053C81A-EFFA-4CB9-8F6B-B28BDFE339F1}.Release|x86.ActiveCfg = Release|Any CPU
		{3053C81A-EFFA-4CB9-8F6B-B28BDFE339F1}.Release|x86.Build.0 = Release|Any CPU
		{4F9E5068-02DE-476E-BC10-B6B5BC36AE19}.Debug|Any CPU.ActiveCfg = Debug|Any CPU
		{4F9E5068-02DE-476E-BC10-B6B5BC36AE19}.Debug|Any CPU.Build.0 = Debug|Any CPU
		{4F9E5068-02DE-476E-BC10-B6B5BC36AE19}.Debug|x86.ActiveCfg = Debug|Any CPU
		{4F9E5068-02DE-476E-BC10-B6B5BC36AE19}.Debug|x86.Build.0 = Debug|Any CPU
		{4F9E5068-02DE-476E-BC10-B6B5BC36AE19}.Release|Any CPU.ActiveCfg = Release|Any CPU
		{4F9E5068-02DE-476E-BC10-B6B5BC36AE19}.Release|Any CPU.Build.0 = Release|Any CPU
		{4F9E5068-02DE-476E-BC10-B6B5BC36AE19}.Release|x86.ActiveCfg = Release|Any CPU
		{4F9E5068-02DE-476E-BC10-B6B5BC36AE19}.Release|x86.Build.0 = Release|Any CPU
		{6689B097-D2C9-400C-8A5D-6048A235E49D}.Debug|Any CPU.ActiveCfg = Debug|Any CPU
		{6689B097-D2C9-400C-8A5D-6048A235E49D}.Debug|Any CPU.Build.0 = Debug|Any CPU
		{6689B097-D2C9-400C-8A5D-6048A235E49D}.Debug|x86.ActiveCfg = Debug|Any CPU
		{6689B097-D2C9-400C-8A5D-6048A235E49D}.Debug|x86.Build.0 = Debug|Any CPU
		{6689B097-D2C9-400C-8A5D-6048A235E49D}.Release|Any CPU.ActiveCfg = Release|Any CPU
		{6689B097-D2C9-400C-8A5D-6048A235E49D}.Release|Any CPU.Build.0 = Release|Any CPU
		{6689B097-D2C9-400C-8A5D-6048A235E49D}.Release|x86.ActiveCfg = Release|Any CPU
		{6689B097-D2C9-400C-8A5D-6048A235E49D}.Release|x86.Build.0 = Release|Any CPU
		{FC75E1CD-29E1-47F1-9B2D-D394CCACAC51}.Debug|Any CPU.ActiveCfg = Debug|Any CPU
		{FC75E1CD-29E1-47F1-9B2D-D394CCACAC51}.Debug|Any CPU.Build.0 = Debug|Any CPU
		{FC75E1CD-29E1-47F1-9B2D-D394CCACAC51}.Debug|x86.ActiveCfg = Debug|Any CPU
		{FC75E1CD-29E1-47F1-9B2D-D394CCACAC51}.Debug|x86.Build.0 = Debug|Any CPU
		{FC75E1CD-29E1-47F1-9B2D-D394CCACAC51}.Release|Any CPU.ActiveCfg = Release|Any CPU
		{FC75E1CD-29E1-47F1-9B2D-D394CCACAC51}.Release|Any CPU.Build.0 = Release|Any CPU
		{FC75E1CD-29E1-47F1-9B2D-D394CCACAC51}.Release|x86.ActiveCfg = Release|Any CPU
		{FC75E1CD-29E1-47F1-9B2D-D394CCACAC51}.Release|x86.Build.0 = Release|Any CPU
		{B4529C04-307C-40B8-9611-71222B0F3288}.Debug|Any CPU.ActiveCfg = Debug|Any CPU
		{B4529C04-307C-40B8-9611-71222B0F3288}.Debug|Any CPU.Build.0 = Debug|Any CPU
		{B4529C04-307C-40B8-9611-71222B0F3288}.Debug|x86.ActiveCfg = Debug|Any CPU
		{B4529C04-307C-40B8-9611-71222B0F3288}.Debug|x86.Build.0 = Debug|Any CPU
		{B4529C04-307C-40B8-9611-71222B0F3288}.Release|Any CPU.ActiveCfg = Release|Any CPU
		{B4529C04-307C-40B8-9611-71222B0F3288}.Release|Any CPU.Build.0 = Release|Any CPU
		{B4529C04-307C-40B8-9611-71222B0F3288}.Release|x86.ActiveCfg = Release|Any CPU
		{B4529C04-307C-40B8-9611-71222B0F3288}.Release|x86.Build.0 = Release|Any CPU
		{811E94A6-7AB9-47DC-90CA-E2CA17B146F5}.Debug|Any CPU.ActiveCfg = Debug|Any CPU
		{811E94A6-7AB9-47DC-90CA-E2CA17B146F5}.Debug|Any CPU.Build.0 = Debug|Any CPU
		{811E94A6-7AB9-47DC-90CA-E2CA17B146F5}.Debug|x86.ActiveCfg = Debug|Any CPU
		{811E94A6-7AB9-47DC-90CA-E2CA17B146F5}.Debug|x86.Build.0 = Debug|Any CPU
		{811E94A6-7AB9-47DC-90CA-E2CA17B146F5}.Release|Any CPU.ActiveCfg = Release|Any CPU
		{811E94A6-7AB9-47DC-90CA-E2CA17B146F5}.Release|Any CPU.Build.0 = Release|Any CPU
		{811E94A6-7AB9-47DC-90CA-E2CA17B146F5}.Release|x86.ActiveCfg = Release|Any CPU
		{811E94A6-7AB9-47DC-90CA-E2CA17B146F5}.Release|x86.Build.0 = Release|Any CPU
		{1B33C9F4-C37B-49C2-91D4-8A6919D466F8}.Debug|Any CPU.ActiveCfg = Debug|Any CPU
		{1B33C9F4-C37B-49C2-91D4-8A6919D466F8}.Debug|Any CPU.Build.0 = Debug|Any CPU
		{1B33C9F4-C37B-49C2-91D4-8A6919D466F8}.Debug|x86.ActiveCfg = Debug|x86
		{1B33C9F4-C37B-49C2-91D4-8A6919D466F8}.Debug|x86.Build.0 = Debug|x86
		{1B33C9F4-C37B-49C2-91D4-8A6919D466F8}.Release|Any CPU.ActiveCfg = Release|Any CPU
		{1B33C9F4-C37B-49C2-91D4-8A6919D466F8}.Release|Any CPU.Build.0 = Release|Any CPU
		{1B33C9F4-C37B-49C2-91D4-8A6919D466F8}.Release|x86.ActiveCfg = Release|x86
		{1B33C9F4-C37B-49C2-91D4-8A6919D466F8}.Release|x86.Build.0 = Release|x86
		{90BE6B6D-79F6-43B0-A401-7686E5BBB402}.Debug|Any CPU.ActiveCfg = Debug|Any CPU
		{90BE6B6D-79F6-43B0-A401-7686E5BBB402}.Debug|Any CPU.Build.0 = Debug|Any CPU
		{90BE6B6D-79F6-43B0-A401-7686E5BBB402}.Debug|x86.ActiveCfg = Debug|Any CPU
		{90BE6B6D-79F6-43B0-A401-7686E5BBB402}.Debug|x86.Build.0 = Debug|Any CPU
		{90BE6B6D-79F6-43B0-A401-7686E5BBB402}.Release|Any CPU.ActiveCfg = Release|Any CPU
		{90BE6B6D-79F6-43B0-A401-7686E5BBB402}.Release|Any CPU.Build.0 = Release|Any CPU
		{90BE6B6D-79F6-43B0-A401-7686E5BBB402}.Release|x86.ActiveCfg = Release|Any CPU
		{90BE6B6D-79F6-43B0-A401-7686E5BBB402}.Release|x86.Build.0 = Release|Any CPU
		{75613D5D-2E23-4D8A-9F3F-7CA0DA6E6145}.Debug|Any CPU.ActiveCfg = Debug|Any CPU
		{75613D5D-2E23-4D8A-9F3F-7CA0DA6E6145}.Debug|Any CPU.Build.0 = Debug|Any CPU
		{75613D5D-2E23-4D8A-9F3F-7CA0DA6E6145}.Debug|x86.ActiveCfg = Debug|Any CPU
		{75613D5D-2E23-4D8A-9F3F-7CA0DA6E6145}.Debug|x86.Build.0 = Debug|Any CPU
		{75613D5D-2E23-4D8A-9F3F-7CA0DA6E6145}.Release|Any CPU.ActiveCfg = Release|Any CPU
		{75613D5D-2E23-4D8A-9F3F-7CA0DA6E6145}.Release|Any CPU.Build.0 = Release|Any CPU
		{75613D5D-2E23-4D8A-9F3F-7CA0DA6E6145}.Release|x86.ActiveCfg = Release|Any CPU
		{75613D5D-2E23-4D8A-9F3F-7CA0DA6E6145}.Release|x86.Build.0 = Release|Any CPU
		{7E220906-55BD-43AF-B94A-0DEBA704BD4F}.Debug|Any CPU.ActiveCfg = Debug|Any CPU
		{7E220906-55BD-43AF-B94A-0DEBA704BD4F}.Debug|Any CPU.Build.0 = Debug|Any CPU
		{7E220906-55BD-43AF-B94A-0DEBA704BD4F}.Debug|x86.ActiveCfg = Debug|Any CPU
		{7E220906-55BD-43AF-B94A-0DEBA704BD4F}.Debug|x86.Build.0 = Debug|Any CPU
		{7E220906-55BD-43AF-B94A-0DEBA704BD4F}.Release|Any CPU.ActiveCfg = Release|Any CPU
		{7E220906-55BD-43AF-B94A-0DEBA704BD4F}.Release|Any CPU.Build.0 = Release|Any CPU
		{7E220906-55BD-43AF-B94A-0DEBA704BD4F}.Release|x86.ActiveCfg = Release|Any CPU
		{7E220906-55BD-43AF-B94A-0DEBA704BD4F}.Release|x86.Build.0 = Release|Any CPU
		{B3FCC5A1-0092-4906-A419-52177E0259BD}.Debug|Any CPU.ActiveCfg = Debug|Any CPU
		{B3FCC5A1-0092-4906-A419-52177E0259BD}.Debug|Any CPU.Build.0 = Debug|Any CPU
		{B3FCC5A1-0092-4906-A419-52177E0259BD}.Debug|x86.ActiveCfg = Debug|Any CPU
		{B3FCC5A1-0092-4906-A419-52177E0259BD}.Debug|x86.Build.0 = Debug|Any CPU
		{B3FCC5A1-0092-4906-A419-52177E0259BD}.Release|Any CPU.ActiveCfg = Release|Any CPU
		{B3FCC5A1-0092-4906-A419-52177E0259BD}.Release|Any CPU.Build.0 = Release|Any CPU
		{B3FCC5A1-0092-4906-A419-52177E0259BD}.Release|x86.ActiveCfg = Release|Any CPU
		{B3FCC5A1-0092-4906-A419-52177E0259BD}.Release|x86.Build.0 = Release|Any CPU
		{D5046C41-8164-431D-B7F2-AC58FB24FA2D}.Debug|Any CPU.ActiveCfg = Debug|Any CPU
		{D5046C41-8164-431D-B7F2-AC58FB24FA2D}.Debug|Any CPU.Build.0 = Debug|Any CPU
		{D5046C41-8164-431D-B7F2-AC58FB24FA2D}.Debug|x86.ActiveCfg = Debug|Any CPU
		{D5046C41-8164-431D-B7F2-AC58FB24FA2D}.Debug|x86.Build.0 = Debug|Any CPU
		{D5046C41-8164-431D-B7F2-AC58FB24FA2D}.Release|Any CPU.ActiveCfg = Release|Any CPU
		{D5046C41-8164-431D-B7F2-AC58FB24FA2D}.Release|Any CPU.Build.0 = Release|Any CPU
		{D5046C41-8164-431D-B7F2-AC58FB24FA2D}.Release|x86.ActiveCfg = Release|Any CPU
		{D5046C41-8164-431D-B7F2-AC58FB24FA2D}.Release|x86.Build.0 = Release|Any CPU
		{CF9F4AE4-4756-4D8F-9093-C5936EB4A8FF}.Debug|Any CPU.ActiveCfg = Debug|Any CPU
		{CF9F4AE4-4756-4D8F-9093-C5936EB4A8FF}.Debug|Any CPU.Build.0 = Debug|Any CPU
		{CF9F4AE4-4756-4D8F-9093-C5936EB4A8FF}.Debug|x86.ActiveCfg = Debug|Any CPU
		{CF9F4AE4-4756-4D8F-9093-C5936EB4A8FF}.Debug|x86.Build.0 = Debug|Any CPU
		{CF9F4AE4-4756-4D8F-9093-C5936EB4A8FF}.Release|Any CPU.ActiveCfg = Release|Any CPU
		{CF9F4AE4-4756-4D8F-9093-C5936EB4A8FF}.Release|Any CPU.Build.0 = Release|Any CPU
		{CF9F4AE4-4756-4D8F-9093-C5936EB4A8FF}.Release|x86.ActiveCfg = Release|Any CPU
		{CF9F4AE4-4756-4D8F-9093-C5936EB4A8FF}.Release|x86.Build.0 = Release|Any CPU
		{6175032B-C557-4798-A5E3-60EA0C93642A}.Debug|Any CPU.ActiveCfg = Debug|Any CPU
		{6175032B-C557-4798-A5E3-60EA0C93642A}.Debug|Any CPU.Build.0 = Debug|Any CPU
		{6175032B-C557-4798-A5E3-60EA0C93642A}.Debug|x86.ActiveCfg = Debug|Any CPU
		{6175032B-C557-4798-A5E3-60EA0C93642A}.Debug|x86.Build.0 = Debug|Any CPU
		{6175032B-C557-4798-A5E3-60EA0C93642A}.Release|Any CPU.ActiveCfg = Release|Any CPU
		{6175032B-C557-4798-A5E3-60EA0C93642A}.Release|Any CPU.Build.0 = Release|Any CPU
		{6175032B-C557-4798-A5E3-60EA0C93642A}.Release|x86.ActiveCfg = Release|Any CPU
		{6175032B-C557-4798-A5E3-60EA0C93642A}.Release|x86.Build.0 = Release|Any CPU
		{C928A6B3-19B7-455B-BC21-2EDE5AF171F8}.Debug|Any CPU.ActiveCfg = Debug|Any CPU
		{C928A6B3-19B7-455B-BC21-2EDE5AF171F8}.Debug|Any CPU.Build.0 = Debug|Any CPU
		{C928A6B3-19B7-455B-BC21-2EDE5AF171F8}.Debug|x86.ActiveCfg = Debug|Any CPU
		{C928A6B3-19B7-455B-BC21-2EDE5AF171F8}.Debug|x86.Build.0 = Debug|Any CPU
		{C928A6B3-19B7-455B-BC21-2EDE5AF171F8}.Release|Any CPU.ActiveCfg = Release|Any CPU
		{C928A6B3-19B7-455B-BC21-2EDE5AF171F8}.Release|Any CPU.Build.0 = Release|Any CPU
		{C928A6B3-19B7-455B-BC21-2EDE5AF171F8}.Release|x86.ActiveCfg = Release|Any CPU
		{C928A6B3-19B7-455B-BC21-2EDE5AF171F8}.Release|x86.Build.0 = Release|Any CPU
		{D348ABEF-8963-4886-A256-D9D3D836FC0F}.Debug|Any CPU.ActiveCfg = Debug|Any CPU
		{D348ABEF-8963-4886-A256-D9D3D836FC0F}.Debug|Any CPU.Build.0 = Debug|Any CPU
		{D348ABEF-8963-4886-A256-D9D3D836FC0F}.Debug|x86.ActiveCfg = Debug|Any CPU
		{D348ABEF-8963-4886-A256-D9D3D836FC0F}.Debug|x86.Build.0 = Debug|Any CPU
		{D348ABEF-8963-4886-A256-D9D3D836FC0F}.Release|Any CPU.ActiveCfg = Release|Any CPU
		{D348ABEF-8963-4886-A256-D9D3D836FC0F}.Release|Any CPU.Build.0 = Release|Any CPU
		{D348ABEF-8963-4886-A256-D9D3D836FC0F}.Release|x86.ActiveCfg = Release|Any CPU
		{D348ABEF-8963-4886-A256-D9D3D836FC0F}.Release|x86.Build.0 = Release|Any CPU
	EndGlobalSection
	GlobalSection(SolutionProperties) = preSolution
		HideSolutionNode = FALSE
	EndGlobalSection
	GlobalSection(NestedProjects) = preSolution
		{D466CAD1-021C-4867-BBA7-02DE8FFFC6FF} = {84DC4E78-DA55-41D7-B753-965A391F0D55}
		{E0BDBDF1-B97B-4640-87D3-0F2D5F18A5EF} = {3C01CBCC-6790-4E93-A240-D7C65C0130C6}
		{E7A7E02C-7692-4A2A-AB04-A867314EF925} = {3C01CBCC-6790-4E93-A240-D7C65C0130C6}
		{8FDB6540-C9CD-4057-88B3-573763AF9AC7} = {3C01CBCC-6790-4E93-A240-D7C65C0130C6}
		{DEEC1013-7D1D-44B9-9D3E-F7537594130D} = {3C01CBCC-6790-4E93-A240-D7C65C0130C6}
		{3053C81A-EFFA-4CB9-8F6B-B28BDFE339F1} = {3C01CBCC-6790-4E93-A240-D7C65C0130C6}
		{4F9E5068-02DE-476E-BC10-B6B5BC36AE19} = {4090B947-3C8E-41A9-8F25-DE94D59B2B79}
		{6689B097-D2C9-400C-8A5D-6048A235E49D} = {4090B947-3C8E-41A9-8F25-DE94D59B2B79}
		{FC75E1CD-29E1-47F1-9B2D-D394CCACAC51} = {4090B947-3C8E-41A9-8F25-DE94D59B2B79}
		{B4529C04-307C-40B8-9611-71222B0F3288} = {4090B947-3C8E-41A9-8F25-DE94D59B2B79}
		{811E94A6-7AB9-47DC-90CA-E2CA17B146F5} = {1761C098-41E9-4BBF-AF25-C3A1940AE5EE}
		{1B33C9F4-C37B-49C2-91D4-8A6919D466F8} = {1761C098-41E9-4BBF-AF25-C3A1940AE5EE}
		{53C91452-D175-47D2-88DE-C7B1B571E073} = {1761C098-41E9-4BBF-AF25-C3A1940AE5EE}
		{90BE6B6D-79F6-43B0-A401-7686E5BBB402} = {53C91452-D175-47D2-88DE-C7B1B571E073}
		{75613D5D-2E23-4D8A-9F3F-7CA0DA6E6145} = {53C91452-D175-47D2-88DE-C7B1B571E073}
		{7E220906-55BD-43AF-B94A-0DEBA704BD4F} = {57DE6C5A-5B44-45D6-91AA-828F13894A6D}
		{B3FCC5A1-0092-4906-A419-52177E0259BD} = {554B0AA7-8F03-4417-A6B9-A8458F58C5A9}
		{D5046C41-8164-431D-B7F2-AC58FB24FA2D} = {554B0AA7-8F03-4417-A6B9-A8458F58C5A9}
		{CF9F4AE4-4756-4D8F-9093-C5936EB4A8FF} = {554B0AA7-8F03-4417-A6B9-A8458F58C5A9}
		{6175032B-C557-4798-A5E3-60EA0C93642A} = {554B0AA7-8F03-4417-A6B9-A8458F58C5A9}
		{C928A6B3-19B7-455B-BC21-2EDE5AF171F8} = {554B0AA7-8F03-4417-A6B9-A8458F58C5A9}
		{D348ABEF-8963-4886-A256-D9D3D836FC0F} = {554B0AA7-8F03-4417-A6B9-A8458F58C5A9}
		{554B0AA7-8F03-4417-A6B9-A8458F58C5A9} = {57DE6C5A-5B44-45D6-91AA-828F13894A6D}
	EndGlobalSection
	GlobalSection(ExtensibilityGlobals) = postSolution
		SolutionGuid = {CC3FFB9F-976A-4337-A6FD-7A879C2C728D}
	EndGlobalSection
EndGlobal
